{
  "name": "ablestack-test",
  "lockfileVersion": 3,
  "requires": true,
  "packages": {
    "": {
      "dependencies": {
        "@patternfly/patternfly": "^4.224.1"
      }
    },
    "node_modules/@patternfly/patternfly": {
      "version": "4.224.1",
      "resolved": "https://registry.npmjs.org/@patternfly/patternfly/-/patternfly-4.224.1.tgz",
      "integrity": "sha512-ehUcWjBs2LMLw9DOQL7WgZ6dZmrszREQ0HIzQ76bjRpwL005oiJ7tRhxXX96BSGDGgm5mgGal8TgzVWbQJOUTw==",
      "license": "MIT"
    }
  }
}
